
Microsoft Visual Studio Solution File, Format Version 12.00
# Visual Studio Version 16
VisualStudioVersion = 16.0.31321.278
MinimumVisualStudioVersion = 10.0.40219.1
Project("{9A19103F-16F7-4668-BE54-9A1E7A4F7556}") = "Catering.DAL", "Catering.DAL\Catering.DAL.csproj", "{9A443BDE-0B38-4CCA-9D17-5EB1A493AEF6}"
EndProject
Project("{9A19103F-16F7-4668-BE54-9A1E7A4F7556}") = "Catering.BLL", "Catering.BLL\Catering.BLL.csproj", "{0652F7D1-C33A-41D7-8A17-CA50947CB92D}"
EndProject
Project("{9A19103F-16F7-4668-BE54-9A1E7A4F7556}") = "Catering.API", "Catering.API\Catering.API.csproj", "{FD6B90D9-7537-4C98-AC2B-8C2095C28237}"
EndProject
Project("{9A19103F-16F7-4668-BE54-9A1E7A4F7556}") = "Catering.Common", "Catering.Common\Catering.Common.csproj", "{6CB20FBB-3B4E-44C9-9B98-05ABADDE7355}"
EndProject
Project("{FAE04EC0-301F-11D3-BF4B-00C04F79EFBC}") = "Catering.API.Tests", "tests\Catering.API.Tests\Catering.API.Tests.csproj", "{F4E06C7F-A5FE-457C-ACCB-3095F4D55F17}"
EndProject
Global
	GlobalSection(SolutionConfigurationPlatforms) = preSolution
		Debug|Any CPU = Debug|Any CPU
		Release|Any CPU = Release|Any CPU
	EndGlobalSection
	GlobalSection(ProjectConfigurationPlatforms) = postSolution
		{9A443BDE-0B38-4CCA-9D17-5EB1A493AEF6}.Debug|Any CPU.ActiveCfg = Debug|Any CPU
		{9A443BDE-0B38-4CCA-9D17-5EB1A493AEF6}.Debug|Any CPU.Build.0 = Debug|Any CPU
		{9A443BDE-0B38-4CCA-9D17-5EB1A493AEF6}.Release|Any CPU.ActiveCfg = Release|Any CPU
		{9A443BDE-0B38-4CCA-9D17-5EB1A493AEF6}.Release|Any CPU.Build.0 = Release|Any CPU
		{0652F7D1-C33A-41D7-8A17-CA50947CB92D}.Debug|Any CPU.ActiveCfg = Debug|Any CPU
		{0652F7D1-C33A-41D7-8A17-CA50947CB92D}.Debug|Any CPU.Build.0 = Debug|Any CPU
		{0652F7D1-C33A-41D7-8A17-CA50947CB92D}.Release|Any CPU.ActiveCfg = Release|Any CPU
		{0652F7D1-C33A-41D7-8A17-CA50947CB92D}.Release|Any CPU.Build.0 = Release|Any CPU
		{FD6B90D9-7537-4C98-AC2B-8C2095C28237}.Debug|Any CPU.ActiveCfg = Debug|Any CPU
		{FD6B90D9-7537-4C98-AC2B-8C2095C28237}.Debug|Any CPU.Build.0 = Debug|Any CPU
		{FD6B90D9-7537-4C98-AC2B-8C2095C28237}.Release|Any CPU.ActiveCfg = Release|Any CPU
		{FD6B90D9-7537-4C98-AC2B-8C2095C28237}.Release|Any CPU.Build.0 = Release|Any CPU
		{6CB20FBB-3B4E-44C9-9B98-05ABADDE7355}.Debug|Any CPU.ActiveCfg = Debug|Any CPU
		{6CB20FBB-3B4E-44C9-9B98-05ABADDE7355}.Debug|Any CPU.Build.0 = Debug|Any CPU
		{6CB20FBB-3B4E-44C9-9B98-05ABADDE7355}.Release|Any CPU.ActiveCfg = Release|Any CPU
		{6CB20FBB-3B4E-44C9-9B98-05ABADDE7355}.Release|Any CPU.Build.0 = Release|Any CPU
		{F4E06C7F-A5FE-457C-ACCB-3095F4D55F17}.Debug|Any CPU.ActiveCfg = Debug|Any CPU
		{F4E06C7F-A5FE-457C-ACCB-3095F4D55F17}.Debug|Any CPU.Build.0 = Debug|Any CPU
		{F4E06C7F-A5FE-457C-ACCB-3095F4D55F17}.Release|Any CPU.ActiveCfg = Release|Any CPU
		{F4E06C7F-A5FE-457C-ACCB-3095F4D55F17}.Release|Any CPU.Build.0 = Release|Any CPU
	EndGlobalSection
	GlobalSection(SolutionProperties) = preSolution
		HideSolutionNode = FALSE
	EndGlobalSection
	GlobalSection(ExtensibilityGlobals) = postSolution
		SolutionGuid = {A7BBF34C-1EE1-4561-A0B4-2A90AE0333BF}
	EndGlobalSection
EndGlobal
